
Microsoft Visual Studio Solution File, Format Version 12.00
# Visual Studio 2012
Project("{FAE04EC0-301F-11D3-BF4B-00C04F79EFBC}") = "Prog2", "Prog2\Prog2.csproj", "{70CD45B3-E4D6-4FC9-B153-4C7F03BD69B4}"
EndProject
Global
	GlobalSection(SolutionConfigurationPlatforms) = preSolution
		Debug|Any CPU = Debug|Any CPU
		Release|Any CPU = Release|Any CPU
	EndGlobalSection
	GlobalSection(ProjectConfigurationPlatforms) = postSolution
		{70CD45B3-E4D6-4FC9-B153-4C7F03BD69B4}.Debug|Any CPU.ActiveCfg = Debug|Any CPU
		{70CD45B3-E4D6-4FC9-B153-4C7F03BD69B4}.Debug|Any CPU.Build.0 = Debug|Any CPU
		{70CD45B3-E4D6-4FC9-B153-4C7F03BD69B4}.Release|Any CPU.ActiveCfg = Release|Any CPU
		{70CD45B3-E4D6-4FC9-B153-4C7F03BD69B4}.Release|Any CPU.Build.0 = Release|Any CPU
	EndGlobalSection
	GlobalSection(SolutionProperties) = preSolution
		HideSolutionNode = FALSE
	EndGlobalSection
EndGlobal
